
Microsoft Visual Studio Solution File, Format Version 12.00
# Visual Studio Version 16
VisualStudioVersion = 25.0.1705.0
MinimumVisualStudioVersion = 10.0.40219.1
Project("{FAE04EC0-301F-11D3-BF4B-00C04F79EFBC}") = "PokemonReviewSys", "PokemonReviewSys\PokemonReviewSys.csproj", "{35331522-447C-4C24-8C3D-BB89A035DA61}"
EndProject
Global
	GlobalSection(SolutionConfigurationPlatforms) = preSolution
		Debug|Any CPU = Debug|Any CPU
		Release|Any CPU = Release|Any CPU
	EndGlobalSection
	GlobalSection(ProjectConfigurationPlatforms) = postSolution
		{35331522-447C-4C24-8C3D-BB89A035DA61}.Debug|Any CPU.ActiveCfg = Debug|Any CPU
		{35331522-447C-4C24-8C3D-BB89A035DA61}.Debug|Any CPU.Build.0 = Debug|Any CPU
		{35331522-447C-4C24-8C3D-BB89A035DA61}.Release|Any CPU.ActiveCfg = Release|Any CPU
		{35331522-447C-4C24-8C3D-BB89A035DA61}.Release|Any CPU.Build.0 = Release|Any CPU
	EndGlobalSection
	GlobalSection(SolutionProperties) = preSolution
		HideSolutionNode = FALSE
	EndGlobalSection
	GlobalSection(ExtensibilityGlobals) = postSolution
		SolutionGuid = {2157F743-F741-4932-BBD3-C2C57CC00E61}
	EndGlobalSection
EndGlobal
